
Microsoft Visual Studio Solution File, Format Version 12.00
# Visual Studio Version 17
VisualStudioVersion = 17.10.35122.118
MinimumVisualStudioVersion = 10.0.40219.1
Project("{FAE04EC0-301F-11D3-BF4B-00C04F79EFBC}") = "Sockets", "Sockets.csproj", "{F7452DD2-FA36-4586-ABBE-841B539C7B20}"
EndProject
Global
	GlobalSection(SolutionConfigurationPlatforms) = preSolution
		Debug|Any CPU = Debug|Any CPU
		Release|Any CPU = Release|Any CPU
	EndGlobalSection
	GlobalSection(ProjectConfigurationPlatforms) = postSolution
		{F7452DD2-FA36-4586-ABBE-841B539C7B20}.Debug|Any CPU.ActiveCfg = Debug|Any CPU
		{F7452DD2-FA36-4586-ABBE-841B539C7B20}.Debug|Any CPU.Build.0 = Debug|Any CPU
		{F7452DD2-FA36-4586-ABBE-841B539C7B20}.Release|Any CPU.ActiveCfg = Release|Any CPU
		{F7452DD2-FA36-4586-ABBE-841B539C7B20}.Release|Any CPU.Build.0 = Release|Any CPU
	EndGlobalSection
	GlobalSection(SolutionProperties) = preSolution
		HideSolutionNode = FALSE
	EndGlobalSection
	GlobalSection(ExtensibilityGlobals) = postSolution
		SolutionGuid = {5D4317C7-AE21-4B02-907F-F1EA56AD8B8A}
	EndGlobalSection
EndGlobal
